
Microsoft Visual Studio Solution File, Format Version 12.00
# Visual Studio 15
VisualStudioVersion = 15.0.26124.0
MinimumVisualStudioVersion = 15.0.26124.0
Project("{FAE04EC0-301F-11D3-BF4B-00C04F79EFBC}") = "Penguin.Cms.Files.Repositories.Local", "Penguin.Cms.Files.Repositories.Local.csproj", "{71580AFC-5ACC-4A5B-8D74-8C390ADFEF0F}"
EndProject
Project("{FAE04EC0-301F-11D3-BF4B-00C04F79EFBC}") = "Penguin.Cms.Files.Local", "..\Penguin.Cms.Files\Penguin.Cms.Files.Local.csproj", "{F5CDD132-CA17-4532-993E-D58AE468BFCF}"
EndProject
Project("{FAE04EC0-301F-11D3-BF4B-00C04F79EFBC}") = "Penguin.Cms.Entities.Local", "..\Penguin.Cms.Entities\Penguin.Cms.Entities.Local.csproj", "{11A2BFC9-3E4F-4723-8407-7FFA1A13FF5F}"
EndProject
Project("{FAE04EC0-301F-11D3-BF4B-00C04F79EFBC}") = "Penguin.Persistence.Abstractions.Local", "..\Penguin.Persistence.Abstractions\Penguin.Persistence.Abstractions.Local.csproj", "{EEFCB5BC-22C2-431B-A544-46EFF3361DD0}"
EndProject
Project("{FAE04EC0-301F-11D3-BF4B-00C04F79EFBC}") = "Penguin.Entities.Abstractions.Local", "..\Penguin.Entities.Abstractions\Penguin.Entities.Abstractions.Local.csproj", "{B486FE00-254A-4A23-863E-8C833356A924}"
EndProject
Project("{FAE04EC0-301F-11D3-BF4B-00C04F79EFBC}") = "Penguin.Reflection.Extensions.Local", "..\Penguin.Reflection.Extensions\Penguin.Reflection.Extensions.Local.csproj", "{F01DCEE5-3953-4B39-9CD1-4B3A032290BD}"
EndProject
Project("{FAE04EC0-301F-11D3-BF4B-00C04F79EFBC}") = "Penguin.Extensions.String.Local", "..\Penguin.Extensions.String\Penguin.Extensions.String.Local.csproj", "{FDF227B8-043F-4D85-9BD0-C2624CA38E4E}"
EndProject
Project("{FAE04EC0-301F-11D3-BF4B-00C04F79EFBC}") = "Penguin.Reflection.Abstractions.Local", "..\Penguin.Reflection.Abstractions\Penguin.Reflection.Abstractions.Local.csproj", "{857BEF2F-9493-42DF-BC09-AF9F5045FC45}"
EndProject
Project("{FAE04EC0-301F-11D3-BF4B-00C04F79EFBC}") = "Penguin.Files.Abstractions.Local", "..\Penguin.Files.Abstractions\Penguin.Files.Abstractions.Local.csproj", "{5EF8AAF0-1DC1-463E-9538-1CD0215CC30D}"
EndProject
Project("{FAE04EC0-301F-11D3-BF4B-00C04F79EFBC}") = "Penguin.Cms.Repositories.Local", "..\Penguin.Cms.Repositories\Penguin.Cms.Repositories.Local.csproj", "{38E1EF63-21EF-4210-975B-62ED908FF63F}"
EndProject
Project("{FAE04EC0-301F-11D3-BF4B-00C04F79EFBC}") = "Penguin.Messaging.Core.Local", "..\Penguin.Messaging.Core\Penguin.Messaging.Core.Local.csproj", "{354296D9-92CF-4808-8AD9-CE8E101942ED}"
EndProject
Project("{FAE04EC0-301F-11D3-BF4B-00C04F79EFBC}") = "Penguin.Debugging.Local", "..\Penguin.Debugging\Penguin.Debugging.Local.csproj", "{88A70717-5304-4113-AF57-48C176792763}"
EndProject
Project("{FAE04EC0-301F-11D3-BF4B-00C04F79EFBC}") = "Penguin.Extensions.Exceptions.Local", "..\Penguin.Extensions.Exceptions\Penguin.Extensions.Exceptions.Local.csproj", "{0452B32F-1872-4243-A27C-056B391CC55B}"
EndProject
Project("{FAE04EC0-301F-11D3-BF4B-00C04F79EFBC}") = "Penguin.Messaging.Abstractions.Local", "..\Penguin.Messaging.Abstractions\Penguin.Messaging.Abstractions.Local.csproj", "{49423B2D-6485-46C3-ACE1-41CA1F78DBF5}"
EndProject
Project("{FAE04EC0-301F-11D3-BF4B-00C04F79EFBC}") = "Penguin.Persistence.Repositories.Local", "..\Penguin.Persistence.Repositories\Penguin.Persistence.Repositories.Local.csproj", "{04A631B0-9FCA-462A-A644-B21520055AAB}"
EndProject
Project("{FAE04EC0-301F-11D3-BF4B-00C04F79EFBC}") = "Penguin.DependencyInjection.Abstractions.Local", "..\Penguin.DependencyInjection.Abstractions\Penguin.DependencyInjection.Abstractions.Local.csproj", "{F661C6AD-5761-4650-BAEF-54721D291F18}"
EndProject
Project("{FAE04EC0-301F-11D3-BF4B-00C04F79EFBC}") = "Penguin.Messaging.Persistence.Local", "..\Penguin.Messaging.Persistence\Penguin.Messaging.Persistence.Local.csproj", "{5F0FC90B-5350-4A6E-9FE3-3798F9F9FD0C}"
EndProject
Project("{FAE04EC0-301F-11D3-BF4B-00C04F79EFBC}") = "Penguin.Reflection.Local", "..\Penguin.Reflection\Penguin.Reflection.Local.csproj", "{3BEAE709-A5CF-4BA6-BE2E-21DA662B589C}"
EndProject
Project("{FAE04EC0-301F-11D3-BF4B-00C04F79EFBC}") = "Penguin.Files.Local", "..\Penguin.Files\Penguin.Files.Local.csproj", "{F14A20E3-7362-4715-AFC5-B237B8B1E983}"
EndProject
Project("{FAE04EC0-301F-11D3-BF4B-00C04F79EFBC}") = "Penguin.Configuration.Abstractions.Local", "..\Penguin.Configuration.Abstractions\Penguin.Configuration.Abstractions.Local.csproj", "{264DD029-219D-4669-9A8E-6D43B6E2635A}"
EndProject
Project("{FAE04EC0-301F-11D3-BF4B-00C04F79EFBC}") = "Penguin.Security.Abstractions.Local", "..\Penguin.Security.Abstractions\Penguin.Security.Abstractions.Local.csproj", "{181D4C40-729E-4D5E-90EF-B3B8F2BE0FD6}"
EndProject
Global
	GlobalSection(SolutionConfigurationPlatforms) = preSolution
		Debug|Any CPU = Debug|Any CPU
		Debug|x64 = Debug|x64
		Debug|x86 = Debug|x86
		Release|Any CPU = Release|Any CPU
		Release|x64 = Release|x64
		Release|x86 = Release|x86
	EndGlobalSection
	GlobalSection(SolutionProperties) = preSolution
		HideSolutionNode = FALSE
	EndGlobalSection
	GlobalSection(ProjectConfigurationPlatforms) = postSolution
		{71580AFC-5ACC-4A5B-8D74-8C390ADFEF0F}.Debug|Any CPU.ActiveCfg = Debug|Any CPU
		{71580AFC-5ACC-4A5B-8D74-8C390ADFEF0F}.Debug|Any CPU.Build.0 = Debug|Any CPU
		{71580AFC-5ACC-4A5B-8D74-8C390ADFEF0F}.Debug|x64.ActiveCfg = Debug|Any CPU
		{71580AFC-5ACC-4A5B-8D74-8C390ADFEF0F}.Debug|x64.Build.0 = Debug|Any CPU
		{71580AFC-5ACC-4A5B-8D74-8C390ADFEF0F}.Debug|x86.ActiveCfg = Debug|Any CPU
		{71580AFC-5ACC-4A5B-8D74-8C390ADFEF0F}.Debug|x86.Build.0 = Debug|Any CPU
		{71580AFC-5ACC-4A5B-8D74-8C390ADFEF0F}.Release|Any CPU.ActiveCfg = Release|Any CPU
		{71580AFC-5ACC-4A5B-8D74-8C390ADFEF0F}.Release|Any CPU.Build.0 = Release|Any CPU
		{71580AFC-5ACC-4A5B-8D74-8C390ADFEF0F}.Release|x64.ActiveCfg = Release|Any CPU
		{71580AFC-5ACC-4A5B-8D74-8C390ADFEF0F}.Release|x64.Build.0 = Release|Any CPU
		{71580AFC-5ACC-4A5B-8D74-8C390ADFEF0F}.Release|x86.ActiveCfg = Release|Any CPU
		{71580AFC-5ACC-4A5B-8D74-8C390ADFEF0F}.Release|x86.Build.0 = Release|Any CPU
		{F5CDD132-CA17-4532-993E-D58AE468BFCF}.Debug|Any CPU.ActiveCfg = Debug|Any CPU
		{F5CDD132-CA17-4532-993E-D58AE468BFCF}.Debug|Any CPU.Build.0 = Debug|Any CPU
		{F5CDD132-CA17-4532-993E-D58AE468BFCF}.Debug|x64.ActiveCfg = Debug|Any CPU
		{F5CDD132-CA17-4532-993E-D58AE468BFCF}.Debug|x64.Build.0 = Debug|Any CPU
		{F5CDD132-CA17-4532-993E-D58AE468BFCF}.Debug|x86.ActiveCfg = Debug|Any CPU
		{F5CDD132-CA17-4532-993E-D58AE468BFCF}.Debug|x86.Build.0 = Debug|Any CPU
		{F5CDD132-CA17-4532-993E-D58AE468BFCF}.Release|Any CPU.ActiveCfg = Release|Any CPU
		{F5CDD132-CA17-4532-993E-D58AE468BFCF}.Release|Any CPU.Build.0 = Release|Any CPU
		{F5CDD132-CA17-4532-993E-D58AE468BFCF}.Release|x64.ActiveCfg = Release|Any CPU
		{F5CDD132-CA17-4532-993E-D58AE468BFCF}.Release|x64.Build.0 = Release|Any CPU
		{F5CDD132-CA17-4532-993E-D58AE468BFCF}.Release|x86.ActiveCfg = Release|Any CPU
		{F5CDD132-CA17-4532-993E-D58AE468BFCF}.Release|x86.Build.0 = Release|Any CPU
		{11A2BFC9-3E4F-4723-8407-7FFA1A13FF5F}.Debug|Any CPU.ActiveCfg = Debug|Any CPU
		{11A2BFC9-3E4F-4723-8407-7FFA1A13FF5F}.Debug|Any CPU.Build.0 = Debug|Any CPU
		{11A2BFC9-3E4F-4723-8407-7FFA1A13FF5F}.Debug|x64.ActiveCfg = Debug|Any CPU
		{11A2BFC9-3E4F-4723-8407-7FFA1A13FF5F}.Debug|x64.Build.0 = Debug|Any CPU
		{11A2BFC9-3E4F-4723-8407-7FFA1A13FF5F}.Debug|x86.ActiveCfg = Debug|Any CPU
		{11A2BFC9-3E4F-4723-8407-7FFA1A13FF5F}.Debug|x86.Build.0 = Debug|Any CPU
		{11A2BFC9-3E4F-4723-8407-7FFA1A13FF5F}.Release|Any CPU.ActiveCfg = Release|Any CPU
		{11A2BFC9-3E4F-4723-8407-7FFA1A13FF5F}.Release|Any CPU.Build.0 = Release|Any CPU
		{11A2BFC9-3E4F-4723-8407-7FFA1A13FF5F}.Release|x64.ActiveCfg = Release|Any CPU
		{11A2BFC9-3E4F-4723-8407-7FFA1A13FF5F}.Release|x64.Build.0 = Release|Any CPU
		{11A2BFC9-3E4F-4723-8407-7FFA1A13FF5F}.Release|x86.ActiveCfg = Release|Any CPU
		{11A2BFC9-3E4F-4723-8407-7FFA1A13FF5F}.Release|x86.Build.0 = Release|Any CPU
		{EEFCB5BC-22C2-431B-A544-46EFF3361DD0}.Debug|Any CPU.ActiveCfg = Debug|Any CPU
		{EEFCB5BC-22C2-431B-A544-46EFF3361DD0}.Debug|Any CPU.Build.0 = Debug|Any CPU
		{EEFCB5BC-22C2-431B-A544-46EFF3361DD0}.Debug|x64.ActiveCfg = Debug|Any CPU
		{EEFCB5BC-22C2-431B-A544-46EFF3361DD0}.Debug|x64.Build.0 = Debug|Any CPU
		{EEFCB5BC-22C2-431B-A544-46EFF3361DD0}.Debug|x86.ActiveCfg = Debug|Any CPU
		{EEFCB5BC-22C2-431B-A544-46EFF3361DD0}.Debug|x86.Build.0 = Debug|Any CPU
		{EEFCB5BC-22C2-431B-A544-46EFF3361DD0}.Release|Any CPU.ActiveCfg = Release|Any CPU
		{EEFCB5BC-22C2-431B-A544-46EFF3361DD0}.Release|Any CPU.Build.0 = Release|Any CPU
		{EEFCB5BC-22C2-431B-A544-46EFF3361DD0}.Release|x64.ActiveCfg = Release|Any CPU
		{EEFCB5BC-22C2-431B-A544-46EFF3361DD0}.Release|x64.Build.0 = Release|Any CPU
		{EEFCB5BC-22C2-431B-A544-46EFF3361DD0}.Release|x86.ActiveCfg = Release|Any CPU
		{EEFCB5BC-22C2-431B-A544-46EFF3361DD0}.Release|x86.Build.0 = Release|Any CPU
		{B486FE00-254A-4A23-863E-8C833356A924}.Debug|Any CPU.ActiveCfg = Debug|Any CPU
		{B486FE00-254A-4A23-863E-8C833356A924}.Debug|Any CPU.Build.0 = Debug|Any CPU
		{B486FE00-254A-4A23-863E-8C833356A924}.Debug|x64.ActiveCfg = Debug|Any CPU
		{B486FE00-254A-4A23-863E-8C833356A924}.Debug|x64.Build.0 = Debug|Any CPU
		{B486FE00-254A-4A23-863E-8C833356A924}.Debug|x86.ActiveCfg = Debug|Any CPU
		{B486FE00-254A-4A23-863E-8C833356A924}.Debug|x86.Build.0 = Debug|Any CPU
		{B486FE00-254A-4A23-863E-8C833356A924}.Release|Any CPU.ActiveCfg = Release|Any CPU
		{B486FE00-254A-4A23-863E-8C833356A924}.Release|Any CPU.Build.0 = Release|Any CPU
		{B486FE00-254A-4A23-863E-8C833356A924}.Release|x64.ActiveCfg = Release|Any CPU
		{B486FE00-254A-4A23-863E-8C833356A924}.Release|x64.Build.0 = Release|Any CPU
		{B486FE00-254A-4A23-863E-8C833356A924}.Release|x86.ActiveCfg = Release|Any CPU
		{B486FE00-254A-4A23-863E-8C833356A924}.Release|x86.Build.0 = Release|Any CPU
		{F01DCEE5-3953-4B39-9CD1-4B3A032290BD}.Debug|Any CPU.ActiveCfg = Debug|Any CPU
		{F01DCEE5-3953-4B39-9CD1-4B3A032290BD}.Debug|Any CPU.Build.0 = Debug|Any CPU
		{F01DCEE5-3953-4B39-9CD1-4B3A032290BD}.Debug|x64.ActiveCfg = Debug|Any CPU
		{F01DCEE5-3953-4B39-9CD1-4B3A032290BD}.Debug|x64.Build.0 = Debug|Any CPU
		{F01DCEE5-3953-4B39-9CD1-4B3A032290BD}.Debug|x86.ActiveCfg = Debug|Any CPU
		{F01DCEE5-3953-4B39-9CD1-4B3A032290BD}.Debug|x86.Build.0 = Debug|Any CPU
		{F01DCEE5-3953-4B39-9CD1-4B3A032290BD}.Release|Any CPU.ActiveCfg = Release|Any CPU
		{F01DCEE5-3953-4B39-9CD1-4B3A032290BD}.Release|Any CPU.Build.0 = Release|Any CPU
		{F01DCEE5-3953-4B39-9CD1-4B3A032290BD}.Release|x64.ActiveCfg = Release|Any CPU
		{F01DCEE5-3953-4B39-9CD1-4B3A032290BD}.Release|x64.Build.0 = Release|Any CPU
		{F01DCEE5-3953-4B39-9CD1-4B3A032290BD}.Release|x86.ActiveCfg = Release|Any CPU
		{F01DCEE5-3953-4B39-9CD1-4B3A032290BD}.Release|x86.Build.0 = Release|Any CPU
		{FDF227B8-043F-4D85-9BD0-C2624CA38E4E}.Debug|Any CPU.ActiveCfg = Debug|Any CPU
		{FDF227B8-043F-4D85-9BD0-C2624CA38E4E}.Debug|Any CPU.Build.0 = Debug|Any CPU
		{FDF227B8-043F-4D85-9BD0-C2624CA38E4E}.Debug|x64.ActiveCfg = Debug|Any CPU
		{FDF227B8-043F-4D85-9BD0-C2624CA38E4E}.Debug|x64.Build.0 = Debug|Any CPU
		{FDF227B8-043F-4D85-9BD0-C2624CA38E4E}.Debug|x86.ActiveCfg = Debug|Any CPU
		{FDF227B8-043F-4D85-9BD0-C2624CA38E4E}.Debug|x86.Build.0 = Debug|Any CPU
		{FDF227B8-043F-4D85-9BD0-C2624CA38E4E}.Release|Any CPU.ActiveCfg = Release|Any CPU
		{FDF227B8-043F-4D85-9BD0-C2624CA38E4E}.Release|Any CPU.Build.0 = Release|Any CPU
		{FDF227B8-043F-4D85-9BD0-C2624CA38E4E}.Release|x64.ActiveCfg = Release|Any CPU
		{FDF227B8-043F-4D85-9BD0-C2624CA38E4E}.Release|x64.Build.0 = Release|Any CPU
		{FDF227B8-043F-4D85-9BD0-C2624CA38E4E}.Release|x86.ActiveCfg = Release|Any CPU
		{FDF227B8-043F-4D85-9BD0-C2624CA38E4E}.Release|x86.Build.0 = Release|Any CPU
		{857BEF2F-9493-42DF-BC09-AF9F5045FC45}.Debug|Any CPU.ActiveCfg = Debug|Any CPU
		{857BEF2F-9493-42DF-BC09-AF9F5045FC45}.Debug|Any CPU.Build.0 = Debug|Any CPU
		{857BEF2F-9493-42DF-BC09-AF9F5045FC45}.Debug|x64.ActiveCfg = Debug|Any CPU
		{857BEF2F-9493-42DF-BC09-AF9F5045FC45}.Debug|x64.Build.0 = Debug|Any CPU
		{857BEF2F-9493-42DF-BC09-AF9F5045FC45}.Debug|x86.ActiveCfg = Debug|Any CPU
		{857BEF2F-9493-42DF-BC09-AF9F5045FC45}.Debug|x86.Build.0 = Debug|Any CPU
		{857BEF2F-9493-42DF-BC09-AF9F5045FC45}.Release|Any CPU.ActiveCfg = Release|Any CPU
		{857BEF2F-9493-42DF-BC09-AF9F5045FC45}.Release|Any CPU.Build.0 = Release|Any CPU
		{857BEF2F-9493-42DF-BC09-AF9F5045FC45}.Release|x64.ActiveCfg = Release|Any CPU
		{857BEF2F-9493-42DF-BC09-AF9F5045FC45}.Release|x64.Build.0 = Release|Any CPU
		{857BEF2F-9493-42DF-BC09-AF9F5045FC45}.Release|x86.ActiveCfg = Release|Any CPU
		{857BEF2F-9493-42DF-BC09-AF9F5045FC45}.Release|x86.Build.0 = Release|Any CPU
		{5EF8AAF0-1DC1-463E-9538-1CD0215CC30D}.Debug|Any CPU.ActiveCfg = Debug|Any CPU
		{5EF8AAF0-1DC1-463E-9538-1CD0215CC30D}.Debug|Any CPU.Build.0 = Debug|Any CPU
		{5EF8AAF0-1DC1-463E-9538-1CD0215CC30D}.Debug|x64.ActiveCfg = Debug|Any CPU
		{5EF8AAF0-1DC1-463E-9538-1CD0215CC30D}.Debug|x64.Build.0 = Debug|Any CPU
		{5EF8AAF0-1DC1-463E-9538-1CD0215CC30D}.Debug|x86.ActiveCfg = Debug|Any CPU
		{5EF8AAF0-1DC1-463E-9538-1CD0215CC30D}.Debug|x86.Build.0 = Debug|Any CPU
		{5EF8AAF0-1DC1-463E-9538-1CD0215CC30D}.Release|Any CPU.ActiveCfg = Release|Any CPU
		{5EF8AAF0-1DC1-463E-9538-1CD0215CC30D}.Release|Any CPU.Build.0 = Release|Any CPU
		{5EF8AAF0-1DC1-463E-9538-1CD0215CC30D}.Release|x64.ActiveCfg = Release|Any CPU
		{5EF8AAF0-1DC1-463E-9538-1CD0215CC30D}.Release|x64.Build.0 = Release|Any CPU
		{5EF8AAF0-1DC1-463E-9538-1CD0215CC30D}.Release|x86.ActiveCfg = Release|Any CPU
		{5EF8AAF0-1DC1-463E-9538-1CD0215CC30D}.Release|x86.Build.0 = Release|Any CPU
		{38E1EF63-21EF-4210-975B-62ED908FF63F}.Debug|Any CPU.ActiveCfg = Debug|Any CPU
		{38E1EF63-21EF-4210-975B-62ED908FF63F}.Debug|Any CPU.Build.0 = Debug|Any CPU
		{38E1EF63-21EF-4210-975B-62ED908FF63F}.Debug|x64.ActiveCfg = Debug|Any CPU
		{38E1EF63-21EF-4210-975B-62ED908FF63F}.Debug|x64.Build.0 = Debug|Any CPU
		{38E1EF63-21EF-4210-975B-62ED908FF63F}.Debug|x86.ActiveCfg = Debug|Any CPU
		{38E1EF63-21EF-4210-975B-62ED908FF63F}.Debug|x86.Build.0 = Debug|Any CPU
		{38E1EF63-21EF-4210-975B-62ED908FF63F}.Release|Any CPU.ActiveCfg = Release|Any CPU
		{38E1EF63-21EF-4210-975B-62ED908FF63F}.Release|Any CPU.Build.0 = Release|Any CPU
		{38E1EF63-21EF-4210-975B-62ED908FF63F}.Release|x64.ActiveCfg = Release|Any CPU
		{38E1EF63-21EF-4210-975B-62ED908FF63F}.Release|x64.Build.0 = Release|Any CPU
		{38E1EF63-21EF-4210-975B-62ED908FF63F}.Release|x86.ActiveCfg = Release|Any CPU
		{38E1EF63-21EF-4210-975B-62ED908FF63F}.Release|x86.Build.0 = Release|Any CPU
		{354296D9-92CF-4808-8AD9-CE8E101942ED}.Debug|Any CPU.ActiveCfg = Debug|Any CPU
		{354296D9-92CF-4808-8AD9-CE8E101942ED}.Debug|Any CPU.Build.0 = Debug|Any CPU
		{354296D9-92CF-4808-8AD9-CE8E101942ED}.Debug|x64.ActiveCfg = Debug|Any CPU
		{354296D9-92CF-4808-8AD9-CE8E101942ED}.Debug|x64.Build.0 = Debug|Any CPU
		{354296D9-92CF-4808-8AD9-CE8E101942ED}.Debug|x86.ActiveCfg = Debug|Any CPU
		{354296D9-92CF-4808-8AD9-CE8E101942ED}.Debug|x86.Build.0 = Debug|Any CPU
		{354296D9-92CF-4808-8AD9-CE8E101942ED}.Release|Any CPU.ActiveCfg = Release|Any CPU
		{354296D9-92CF-4808-8AD9-CE8E101942ED}.Release|Any CPU.Build.0 = Release|Any CPU
		{354296D9-92CF-4808-8AD9-CE8E101942ED}.Release|x64.ActiveCfg = Release|Any CPU
		{354296D9-92CF-4808-8AD9-CE8E101942ED}.Release|x64.Build.0 = Release|Any CPU
		{354296D9-92CF-4808-8AD9-CE8E101942ED}.Release|x86.ActiveCfg = Release|Any CPU
		{354296D9-92CF-4808-8AD9-CE8E101942ED}.Release|x86.Build.0 = Release|Any CPU
		{88A70717-5304-4113-AF57-48C176792763}.Debug|Any CPU.ActiveCfg = Debug|Any CPU
		{88A70717-5304-4113-AF57-48C176792763}.Debug|Any CPU.Build.0 = Debug|Any CPU
		{88A70717-5304-4113-AF57-48C176792763}.Debug|x64.ActiveCfg = Debug|Any CPU
		{88A70717-5304-4113-AF57-48C176792763}.Debug|x64.Build.0 = Debug|Any CPU
		{88A70717-5304-4113-AF57-48C176792763}.Debug|x86.ActiveCfg = Debug|Any CPU
		{88A70717-5304-4113-AF57-48C176792763}.Debug|x86.Build.0 = Debug|Any CPU
		{88A70717-5304-4113-AF57-48C176792763}.Release|Any CPU.ActiveCfg = Release|Any CPU
		{88A70717-5304-4113-AF57-48C176792763}.Release|Any CPU.Build.0 = Release|Any CPU
		{88A70717-5304-4113-AF57-48C176792763}.Release|x64.ActiveCfg = Release|Any CPU
		{88A70717-5304-4113-AF57-48C176792763}.Release|x64.Build.0 = Release|Any CPU
		{88A70717-5304-4113-AF57-48C176792763}.Release|x86.ActiveCfg = Release|Any CPU
		{88A70717-5304-4113-AF57-48C176792763}.Release|x86.Build.0 = Release|Any CPU
		{0452B32F-1872-4243-A27C-056B391CC55B}.Debug|Any CPU.ActiveCfg = Debug|Any CPU
		{0452B32F-1872-4243-A27C-056B391CC55B}.Debug|Any CPU.Build.0 = Debug|Any CPU
		{0452B32F-1872-4243-A27C-056B391CC55B}.Debug|x64.ActiveCfg = Debug|Any CPU
		{0452B32F-1872-4243-A27C-056B391CC55B}.Debug|x64.Build.0 = Debug|Any CPU
		{0452B32F-1872-4243-A27C-056B391CC55B}.Debug|x86.ActiveCfg = Debug|Any CPU
		{0452B32F-1872-4243-A27C-056B391CC55B}.Debug|x86.Build.0 = Debug|Any CPU
		{0452B32F-1872-4243-A27C-056B391CC55B}.Release|Any CPU.ActiveCfg = Release|Any CPU
		{0452B32F-1872-4243-A27C-056B391CC55B}.Release|Any CPU.Build.0 = Release|Any CPU
		{0452B32F-1872-4243-A27C-056B391CC55B}.Release|x64.ActiveCfg = Release|Any CPU
		{0452B32F-1872-4243-A27C-056B391CC55B}.Release|x64.Build.0 = Release|Any CPU
		{0452B32F-1872-4243-A27C-056B391CC55B}.Release|x86.ActiveCfg = Release|Any CPU
		{0452B32F-1872-4243-A27C-056B391CC55B}.Release|x86.Build.0 = Release|Any CPU
		{49423B2D-6485-46C3-ACE1-41CA1F78DBF5}.Debug|Any CPU.ActiveCfg = Debug|Any CPU
		{49423B2D-6485-46C3-ACE1-41CA1F78DBF5}.Debug|Any CPU.Build.0 = Debug|Any CPU
		{49423B2D-6485-46C3-ACE1-41CA1F78DBF5}.Debug|x64.ActiveCfg = Debug|Any CPU
		{49423B2D-6485-46C3-ACE1-41CA1F78DBF5}.Debug|x64.Build.0 = Debug|Any CPU
		{49423B2D-6485-46C3-ACE1-41CA1F78DBF5}.Debug|x86.ActiveCfg = Debug|Any CPU
		{49423B2D-6485-46C3-ACE1-41CA1F78DBF5}.Debug|x86.Build.0 = Debug|Any CPU
		{49423B2D-6485-46C3-ACE1-41CA1F78DBF5}.Release|Any CPU.ActiveCfg = Release|Any CPU
		{49423B2D-6485-46C3-ACE1-41CA1F78DBF5}.Release|Any CPU.Build.0 = Release|Any CPU
		{49423B2D-6485-46C3-ACE1-41CA1F78DBF5}.Release|x64.ActiveCfg = Release|Any CPU
		{49423B2D-6485-46C3-ACE1-41CA1F78DBF5}.Release|x64.Build.0 = Release|Any CPU
		{49423B2D-6485-46C3-ACE1-41CA1F78DBF5}.Release|x86.ActiveCfg = Release|Any CPU
		{49423B2D-6485-46C3-ACE1-41CA1F78DBF5}.Release|x86.Build.0 = Release|Any CPU
		{04A631B0-9FCA-462A-A644-B21520055AAB}.Debug|Any CPU.ActiveCfg = Debug|Any CPU
		{04A631B0-9FCA-462A-A644-B21520055AAB}.Debug|Any CPU.Build.0 = Debug|Any CPU
		{04A631B0-9FCA-462A-A644-B21520055AAB}.Debug|x64.ActiveCfg = Debug|Any CPU
		{04A631B0-9FCA-462A-A644-B21520055AAB}.Debug|x64.Build.0 = Debug|Any CPU
		{04A631B0-9FCA-462A-A644-B21520055AAB}.Debug|x86.ActiveCfg = Debug|Any CPU
		{04A631B0-9FCA-462A-A644-B21520055AAB}.Debug|x86.Build.0 = Debug|Any CPU
		{04A631B0-9FCA-462A-A644-B21520055AAB}.Release|Any CPU.ActiveCfg = Release|Any CPU
		{04A631B0-9FCA-462A-A644-B21520055AAB}.Release|Any CPU.Build.0 = Release|Any CPU
		{04A631B0-9FCA-462A-A644-B21520055AAB}.Release|x64.ActiveCfg = Release|Any CPU
		{04A631B0-9FCA-462A-A644-B21520055AAB}.Release|x64.Build.0 = Release|Any CPU
		{04A631B0-9FCA-462A-A644-B21520055AAB}.Release|x86.ActiveCfg = Release|Any CPU
		{04A631B0-9FCA-462A-A644-B21520055AAB}.Release|x86.Build.0 = Release|Any CPU
		{F661C6AD-5761-4650-BAEF-54721D291F18}.Debug|Any CPU.ActiveCfg = Debug|Any CPU
		{F661C6AD-5761-4650-BAEF-54721D291F18}.Debug|Any CPU.Build.0 = Debug|Any CPU
		{F661C6AD-5761-4650-BAEF-54721D291F18}.Debug|x64.ActiveCfg = Debug|Any CPU
		{F661C6AD-5761-4650-BAEF-54721D291F18}.Debug|x64.Build.0 = Debug|Any CPU
		{F661C6AD-5761-4650-BAEF-54721D291F18}.Debug|x86.ActiveCfg = Debug|Any CPU
		{F661C6AD-5761-4650-BAEF-54721D291F18}.Debug|x86.Build.0 = Debug|Any CPU
		{F661C6AD-5761-4650-BAEF-54721D291F18}.Release|Any CPU.ActiveCfg = Release|Any CPU
		{F661C6AD-5761-4650-BAEF-54721D291F18}.Release|Any CPU.Build.0 = Release|Any CPU
		{F661C6AD-5761-4650-BAEF-54721D291F18}.Release|x64.ActiveCfg = Release|Any CPU
		{F661C6AD-5761-4650-BAEF-54721D291F18}.Release|x64.Build.0 = Release|Any CPU
		{F661C6AD-5761-4650-BAEF-54721D291F18}.Release|x86.ActiveCfg = Release|Any CPU
		{F661C6AD-5761-4650-BAEF-54721D291F18}.Release|x86.Build.0 = Release|Any CPU
		{5F0FC90B-5350-4A6E-9FE3-3798F9F9FD0C}.Debug|Any CPU.ActiveCfg = Debug|Any CPU
		{5F0FC90B-5350-4A6E-9FE3-3798F9F9FD0C}.Debug|Any CPU.Build.0 = Debug|Any CPU
		{5F0FC90B-5350-4A6E-9FE3-3798F9F9FD0C}.Debug|x64.ActiveCfg = Debug|Any CPU
		{5F0FC90B-5350-4A6E-9FE3-3798F9F9FD0C}.Debug|x64.Build.0 = Debug|Any CPU
		{5F0FC90B-5350-4A6E-9FE3-3798F9F9FD0C}.Debug|x86.ActiveCfg = Debug|Any CPU
		{5F0FC90B-5350-4A6E-9FE3-3798F9F9FD0C}.Debug|x86.Build.0 = Debug|Any CPU
		{5F0FC90B-5350-4A6E-9FE3-3798F9F9FD0C}.Release|Any CPU.ActiveCfg = Release|Any CPU
		{5F0FC90B-5350-4A6E-9FE3-3798F9F9FD0C}.Release|Any CPU.Build.0 = Release|Any CPU
		{5F0FC90B-5350-4A6E-9FE3-3798F9F9FD0C}.Release|x64.ActiveCfg = Release|Any CPU
		{5F0FC90B-5350-4A6E-9FE3-3798F9F9FD0C}.Release|x64.Build.0 = Release|Any CPU
		{5F0FC90B-5350-4A6E-9FE3-3798F9F9FD0C}.Release|x86.ActiveCfg = Release|Any CPU
		{5F0FC90B-5350-4A6E-9FE3-3798F9F9FD0C}.Release|x86.Build.0 = Release|Any CPU
		{3BEAE709-A5CF-4BA6-BE2E-21DA662B589C}.Debug|Any CPU.ActiveCfg = Debug|Any CPU
		{3BEAE709-A5CF-4BA6-BE2E-21DA662B589C}.Debug|Any CPU.Build.0 = Debug|Any CPU
		{3BEAE709-A5CF-4BA6-BE2E-21DA662B589C}.Debug|x64.ActiveCfg = Debug|Any CPU
		{3BEAE709-A5CF-4BA6-BE2E-21DA662B589C}.Debug|x64.Build.0 = Debug|Any CPU
		{3BEAE709-A5CF-4BA6-BE2E-21DA662B589C}.Debug|x86.ActiveCfg = Debug|Any CPU
		{3BEAE709-A5CF-4BA6-BE2E-21DA662B589C}.Debug|x86.Build.0 = Debug|Any CPU
		{3BEAE709-A5CF-4BA6-BE2E-21DA662B589C}.Release|Any CPU.ActiveCfg = Release|Any CPU
		{3BEAE709-A5CF-4BA6-BE2E-21DA662B589C}.Release|Any CPU.Build.0 = Release|Any CPU
		{3BEAE709-A5CF-4BA6-BE2E-21DA662B589C}.Release|x64.ActiveCfg = Release|Any CPU
		{3BEAE709-A5CF-4BA6-BE2E-21DA662B589C}.Release|x64.Build.0 = Release|Any CPU
		{3BEAE709-A5CF-4BA6-BE2E-21DA662B589C}.Release|x86.ActiveCfg = Release|Any CPU
		{3BEAE709-A5CF-4BA6-BE2E-21DA662B589C}.Release|x86.Build.0 = Release|Any CPU
		{F14A20E3-7362-4715-AFC5-B237B8B1E983}.Debug|Any CPU.ActiveCfg = Debug|Any CPU
		{F14A20E3-7362-4715-AFC5-B237B8B1E983}.Debug|Any CPU.Build.0 = Debug|Any CPU
		{F14A20E3-7362-4715-AFC5-B237B8B1E983}.Debug|x64.ActiveCfg = Debug|Any CPU
		{F14A20E3-7362-4715-AFC5-B237B8B1E983}.Debug|x64.Build.0 = Debug|Any CPU
		{F14A20E3-7362-4715-AFC5-B237B8B1E983}.Debug|x86.ActiveCfg = Debug|Any CPU
		{F14A20E3-7362-4715-AFC5-B237B8B1E983}.Debug|x86.Build.0 = Debug|Any CPU
		{F14A20E3-7362-4715-AFC5-B237B8B1E983}.Release|Any CPU.ActiveCfg = Release|Any CPU
		{F14A20E3-7362-4715-AFC5-B237B8B1E983}.Release|Any CPU.Build.0 = Release|Any CPU
		{F14A20E3-7362-4715-AFC5-B237B8B1E983}.Release|x64.ActiveCfg = Release|Any CPU
		{F14A20E3-7362-4715-AFC5-B237B8B1E983}.Release|x64.Build.0 = Release|Any CPU
		{F14A20E3-7362-4715-AFC5-B237B8B1E983}.Release|x86.ActiveCfg = Release|Any CPU
		{F14A20E3-7362-4715-AFC5-B237B8B1E983}.Release|x86.Build.0 = Release|Any CPU
		{264DD029-219D-4669-9A8E-6D43B6E2635A}.Debug|Any CPU.ActiveCfg = Debug|Any CPU
		{264DD029-219D-4669-9A8E-6D43B6E2635A}.Debug|Any CPU.Build.0 = Debug|Any CPU
		{264DD029-219D-4669-9A8E-6D43B6E2635A}.Debug|x64.ActiveCfg = Debug|Any CPU
		{264DD029-219D-4669-9A8E-6D43B6E2635A}.Debug|x64.Build.0 = Debug|Any CPU
		{264DD029-219D-4669-9A8E-6D43B6E2635A}.Debug|x86.ActiveCfg = Debug|Any CPU
		{264DD029-219D-4669-9A8E-6D43B6E2635A}.Debug|x86.Build.0 = Debug|Any CPU
		{264DD029-219D-4669-9A8E-6D43B6E2635A}.Release|Any CPU.ActiveCfg = Release|Any CPU
		{264DD029-219D-4669-9A8E-6D43B6E2635A}.Release|Any CPU.Build.0 = Release|Any CPU
		{264DD029-219D-4669-9A8E-6D43B6E2635A}.Release|x64.ActiveCfg = Release|Any CPU
		{264DD029-219D-4669-9A8E-6D43B6E2635A}.Release|x64.Build.0 = Release|Any CPU
		{264DD029-219D-4669-9A8E-6D43B6E2635A}.Release|x86.ActiveCfg = Release|Any CPU
		{264DD029-219D-4669-9A8E-6D43B6E2635A}.Release|x86.Build.0 = Release|Any CPU
		{181D4C40-729E-4D5E-90EF-B3B8F2BE0FD6}.Debug|Any CPU.ActiveCfg = Debug|Any CPU
		{181D4C40-729E-4D5E-90EF-B3B8F2BE0FD6}.Debug|Any CPU.Build.0 = Debug|Any CPU
		{181D4C40-729E-4D5E-90EF-B3B8F2BE0FD6}.Debug|x64.ActiveCfg = Debug|Any CPU
		{181D4C40-729E-4D5E-90EF-B3B8F2BE0FD6}.Debug|x64.Build.0 = Debug|Any CPU
		{181D4C40-729E-4D5E-90EF-B3B8F2BE0FD6}.Debug|x86.ActiveCfg = Debug|Any CPU
		{181D4C40-729E-4D5E-90EF-B3B8F2BE0FD6}.Debug|x86.Build.0 = Debug|Any CPU
		{181D4C40-729E-4D5E-90EF-B3B8F2BE0FD6}.Release|Any CPU.ActiveCfg = Release|Any CPU
		{181D4C40-729E-4D5E-90EF-B3B8F2BE0FD6}.Release|Any CPU.Build.0 = Release|Any CPU
		{181D4C40-729E-4D5E-90EF-B3B8F2BE0FD6}.Release|x64.ActiveCfg = Release|Any CPU
		{181D4C40-729E-4D5E-90EF-B3B8F2BE0FD6}.Release|x64.Build.0 = Release|Any CPU
		{181D4C40-729E-4D5E-90EF-B3B8F2BE0FD6}.Release|x86.ActiveCfg = Release|Any CPU
		{181D4C40-729E-4D5E-90EF-B3B8F2BE0FD6}.Release|x86.Build.0 = Release|Any CPU
	EndGlobalSection
EndGlobal
