
Microsoft Visual Studio Solution File, Format Version 12.00
# Visual Studio Version 16
VisualStudioVersion = 16.0.29411.108
MinimumVisualStudioVersion = 10.0.40219.1
Project("{9A19103F-16F7-4668-BE54-9A1E7A4F7556}") = "Penguin.Cms.Files.Repositories", "Penguin.Cms.Files.Repositories.csproj", "{EC6FF35C-25E6-4034-9FB8-E6DDFFB939BD}"
EndProject
Global
	GlobalSection(SolutionConfigurationPlatforms) = preSolution
		Debug|Any CPU = Debug|Any CPU
		Release|Any CPU = Release|Any CPU
	EndGlobalSection
	GlobalSection(ProjectConfigurationPlatforms) = postSolution
		{EC6FF35C-25E6-4034-9FB8-E6DDFFB939BD}.Debug|Any CPU.ActiveCfg = Debug|Any CPU
		{EC6FF35C-25E6-4034-9FB8-E6DDFFB939BD}.Debug|Any CPU.Build.0 = Debug|Any CPU
		{EC6FF35C-25E6-4034-9FB8-E6DDFFB939BD}.Release|Any CPU.ActiveCfg = Release|Any CPU
		{EC6FF35C-25E6-4034-9FB8-E6DDFFB939BD}.Release|Any CPU.Build.0 = Release|Any CPU
	EndGlobalSection
	GlobalSection(SolutionProperties) = preSolution
		HideSolutionNode = FALSE
	EndGlobalSection
	GlobalSection(ExtensibilityGlobals) = postSolution
		SolutionGuid = {AF6E072F-FAB5-46DE-83DB-10856ECF3BDE}
	EndGlobalSection
EndGlobal
