
Microsoft Visual Studio Solution File, Format Version 12.00
# Visual Studio Version 16
VisualStudioVersion = 16.0.30114.105
MinimumVisualStudioVersion = 10.0.40219.1
Project("{FAE04EC0-301F-11D3-BF4B-00C04F79EFBC}") = "Penguin.Cms.Files.Repositories.Local", "Penguin.Cms.Files.Repositories.Local.csproj", "{009164AA-F177-4249-BDB8-1B956DF71345}"
EndProject
Project("{FAE04EC0-301F-11D3-BF4B-00C04F79EFBC}") = "Penguin.Cms.Files.Local", "..\Penguin.Cms.Files\Penguin.Cms.Files.Local.csproj", "{51161EBF-2F08-4465-94ED-C745C68CF3D6}"
EndProject
Project("{FAE04EC0-301F-11D3-BF4B-00C04F79EFBC}") = "Penguin.Files.Abstractions.Local", "..\Penguin.Files.Abstractions\Penguin.Files.Abstractions.Local.csproj", "{F5E1465F-1AC6-446B-90CC-971FE9AE89F0}"
EndProject
Project("{FAE04EC0-301F-11D3-BF4B-00C04F79EFBC}") = "Penguin.Cms.Entities.Local", "..\Penguin.Cms.Entities\Penguin.Cms.Entities.Local.csproj", "{E5FBC4C1-44D2-4AA9-8132-173EDBF4F52F}"
EndProject
Project("{FAE04EC0-301F-11D3-BF4B-00C04F79EFBC}") = "Penguin.Persistence.Abstractions.Local", "..\Penguin.Persistence.Abstractions\Penguin.Persistence.Abstractions.Local.csproj", "{837F2B60-37ED-4425-864C-7B94F84A0CF3}"
EndProject
Project("{FAE04EC0-301F-11D3-BF4B-00C04F79EFBC}") = "Penguin.Entities.Abstractions.Local", "..\Penguin.Entities.Abstractions\Penguin.Entities.Abstractions.Local.csproj", "{D493F2D8-5D81-49B3-9932-D4CC59D3C0C5}"
EndProject
Project("{FAE04EC0-301F-11D3-BF4B-00C04F79EFBC}") = "Penguin.Reflection.Extensions.Local", "..\Penguin.Reflection.Extensions\Penguin.Reflection.Extensions.Local.csproj", "{0D63AB23-4B7C-4036-83DE-BEBB60AE35B0}"
EndProject
Project("{FAE04EC0-301F-11D3-BF4B-00C04F79EFBC}") = "Penguin.Reflection.Abstractions.Local", "..\Penguin.Reflection.Abstractions\Penguin.Reflection.Abstractions.Local.csproj", "{AFDA19B1-DD35-482A-B384-70A8629B81F6}"
EndProject
Project("{FAE04EC0-301F-11D3-BF4B-00C04F79EFBC}") = "Penguin.Extensions.String.Local", "..\Penguin.Extensions.String\Penguin.Extensions.String.Local.csproj", "{C910099F-3CCD-4B04-BEF0-88F17547B39A}"
EndProject
Project("{FAE04EC0-301F-11D3-BF4B-00C04F79EFBC}") = "Penguin.Files.Local", "..\Penguin.Files\Penguin.Files.Local.csproj", "{F7DF81D9-2813-485E-A23E-03147968822C}"
EndProject
Project("{FAE04EC0-301F-11D3-BF4B-00C04F79EFBC}") = "Penguin.DependencyInjection.Abstractions.Local", "..\Penguin.DependencyInjection.Abstractions\Penguin.DependencyInjection.Abstractions.Local.csproj", "{A81CB760-57C6-4343-82A3-9A062C9816AD}"
EndProject
Project("{FAE04EC0-301F-11D3-BF4B-00C04F79EFBC}") = "Penguin.Security.Abstractions.Local", "..\Penguin.Security.Abstractions\Penguin.Security.Abstractions.Local.csproj", "{B4026FAD-9306-47F0-87EE-367EFAB34E11}"
EndProject
Project("{FAE04EC0-301F-11D3-BF4B-00C04F79EFBC}") = "Penguin.Configuration.Abstractions.Local", "..\Penguin.Configuration.Abstractions\Penguin.Configuration.Abstractions.Local.csproj", "{DE64C2F1-7594-455B-BACF-18A06201F571}"
EndProject
Project("{FAE04EC0-301F-11D3-BF4B-00C04F79EFBC}") = "Penguin.Debugging.Local", "..\Penguin.Debugging\Penguin.Debugging.Local.csproj", "{7138C705-B951-4516-95A8-9E0DF35BD6AC}"
EndProject
Project("{FAE04EC0-301F-11D3-BF4B-00C04F79EFBC}") = "Penguin.Extensions.Exceptions.Local", "..\Penguin.Extensions.Exceptions\Penguin.Extensions.Exceptions.Local.csproj", "{C9353F43-DD39-4B75-AA72-AE5FB3CC8747}"
EndProject
Project("{FAE04EC0-301F-11D3-BF4B-00C04F79EFBC}") = "Penguin.Cms.Repositories.Local", "..\Penguin.Cms.Repositories\Penguin.Cms.Repositories.Local.csproj", "{30595C42-FDFF-4FCB-BF96-684C6F8EE820}"
EndProject
Project("{FAE04EC0-301F-11D3-BF4B-00C04F79EFBC}") = "Penguin.Persistence.Repositories.Local", "..\Penguin.Persistence.Repositories\Penguin.Persistence.Repositories.Local.csproj", "{D477633C-442B-4483-A4A9-811BB4DF04F7}"
EndProject
Project("{FAE04EC0-301F-11D3-BF4B-00C04F79EFBC}") = "Penguin.Messaging.Persistence.Local", "..\Penguin.Messaging.Persistence\Penguin.Messaging.Persistence.Local.csproj", "{1F951523-8FD6-4A0D-94D9-50933AEAD559}"
EndProject
Project("{FAE04EC0-301F-11D3-BF4B-00C04F79EFBC}") = "Penguin.Messaging.Abstractions.Local", "..\Penguin.Messaging.Abstractions\Penguin.Messaging.Abstractions.Local.csproj", "{11FF48F0-9F52-4B5D-839A-58F746D289F3}"
EndProject
Project("{FAE04EC0-301F-11D3-BF4B-00C04F79EFBC}") = "Penguin.Messaging.Core.Local", "..\Penguin.Messaging.Core\Penguin.Messaging.Core.Local.csproj", "{74000BB0-1327-4AA6-A35F-5F505C9E58F6}"
EndProject
Project("{FAE04EC0-301F-11D3-BF4B-00C04F79EFBC}") = "Penguin.Reflection.Local", "..\Penguin.Reflection\Penguin.Reflection.Local.csproj", "{3F68FE37-463F-4EA4-997B-A4DD150AEE18}"
EndProject
Global
	GlobalSection(SolutionConfigurationPlatforms) = preSolution
		Debug|Any CPU = Debug|Any CPU
		Debug|x64 = Debug|x64
		Debug|x86 = Debug|x86
		Release|Any CPU = Release|Any CPU
		Release|x64 = Release|x64
		Release|x86 = Release|x86
	EndGlobalSection
	GlobalSection(SolutionProperties) = preSolution
		HideSolutionNode = FALSE
	EndGlobalSection
	GlobalSection(ProjectConfigurationPlatforms) = postSolution
		{009164AA-F177-4249-BDB8-1B956DF71345}.Debug|Any CPU.ActiveCfg = Debug|Any CPU
		{009164AA-F177-4249-BDB8-1B956DF71345}.Debug|Any CPU.Build.0 = Debug|Any CPU
		{009164AA-F177-4249-BDB8-1B956DF71345}.Debug|x64.ActiveCfg = Debug|Any CPU
		{009164AA-F177-4249-BDB8-1B956DF71345}.Debug|x64.Build.0 = Debug|Any CPU
		{009164AA-F177-4249-BDB8-1B956DF71345}.Debug|x86.ActiveCfg = Debug|Any CPU
		{009164AA-F177-4249-BDB8-1B956DF71345}.Debug|x86.Build.0 = Debug|Any CPU
		{009164AA-F177-4249-BDB8-1B956DF71345}.Release|Any CPU.ActiveCfg = Release|Any CPU
		{009164AA-F177-4249-BDB8-1B956DF71345}.Release|Any CPU.Build.0 = Release|Any CPU
		{009164AA-F177-4249-BDB8-1B956DF71345}.Release|x64.ActiveCfg = Release|Any CPU
		{009164AA-F177-4249-BDB8-1B956DF71345}.Release|x64.Build.0 = Release|Any CPU
		{009164AA-F177-4249-BDB8-1B956DF71345}.Release|x86.ActiveCfg = Release|Any CPU
		{009164AA-F177-4249-BDB8-1B956DF71345}.Release|x86.Build.0 = Release|Any CPU
		{51161EBF-2F08-4465-94ED-C745C68CF3D6}.Debug|Any CPU.ActiveCfg = Debug|Any CPU
		{51161EBF-2F08-4465-94ED-C745C68CF3D6}.Debug|Any CPU.Build.0 = Debug|Any CPU
		{51161EBF-2F08-4465-94ED-C745C68CF3D6}.Debug|x64.ActiveCfg = Debug|Any CPU
		{51161EBF-2F08-4465-94ED-C745C68CF3D6}.Debug|x64.Build.0 = Debug|Any CPU
		{51161EBF-2F08-4465-94ED-C745C68CF3D6}.Debug|x86.ActiveCfg = Debug|Any CPU
		{51161EBF-2F08-4465-94ED-C745C68CF3D6}.Debug|x86.Build.0 = Debug|Any CPU
		{51161EBF-2F08-4465-94ED-C745C68CF3D6}.Release|Any CPU.ActiveCfg = Release|Any CPU
		{51161EBF-2F08-4465-94ED-C745C68CF3D6}.Release|Any CPU.Build.0 = Release|Any CPU
		{51161EBF-2F08-4465-94ED-C745C68CF3D6}.Release|x64.ActiveCfg = Release|Any CPU
		{51161EBF-2F08-4465-94ED-C745C68CF3D6}.Release|x64.Build.0 = Release|Any CPU
		{51161EBF-2F08-4465-94ED-C745C68CF3D6}.Release|x86.ActiveCfg = Release|Any CPU
		{51161EBF-2F08-4465-94ED-C745C68CF3D6}.Release|x86.Build.0 = Release|Any CPU
		{F5E1465F-1AC6-446B-90CC-971FE9AE89F0}.Debug|Any CPU.ActiveCfg = Debug|Any CPU
		{F5E1465F-1AC6-446B-90CC-971FE9AE89F0}.Debug|Any CPU.Build.0 = Debug|Any CPU
		{F5E1465F-1AC6-446B-90CC-971FE9AE89F0}.Debug|x64.ActiveCfg = Debug|Any CPU
		{F5E1465F-1AC6-446B-90CC-971FE9AE89F0}.Debug|x64.Build.0 = Debug|Any CPU
		{F5E1465F-1AC6-446B-90CC-971FE9AE89F0}.Debug|x86.ActiveCfg = Debug|Any CPU
		{F5E1465F-1AC6-446B-90CC-971FE9AE89F0}.Debug|x86.Build.0 = Debug|Any CPU
		{F5E1465F-1AC6-446B-90CC-971FE9AE89F0}.Release|Any CPU.ActiveCfg = Release|Any CPU
		{F5E1465F-1AC6-446B-90CC-971FE9AE89F0}.Release|Any CPU.Build.0 = Release|Any CPU
		{F5E1465F-1AC6-446B-90CC-971FE9AE89F0}.Release|x64.ActiveCfg = Release|Any CPU
		{F5E1465F-1AC6-446B-90CC-971FE9AE89F0}.Release|x64.Build.0 = Release|Any CPU
		{F5E1465F-1AC6-446B-90CC-971FE9AE89F0}.Release|x86.ActiveCfg = Release|Any CPU
		{F5E1465F-1AC6-446B-90CC-971FE9AE89F0}.Release|x86.Build.0 = Release|Any CPU
		{E5FBC4C1-44D2-4AA9-8132-173EDBF4F52F}.Debug|Any CPU.ActiveCfg = Debug|Any CPU
		{E5FBC4C1-44D2-4AA9-8132-173EDBF4F52F}.Debug|Any CPU.Build.0 = Debug|Any CPU
		{E5FBC4C1-44D2-4AA9-8132-173EDBF4F52F}.Debug|x64.ActiveCfg = Debug|Any CPU
		{E5FBC4C1-44D2-4AA9-8132-173EDBF4F52F}.Debug|x64.Build.0 = Debug|Any CPU
		{E5FBC4C1-44D2-4AA9-8132-173EDBF4F52F}.Debug|x86.ActiveCfg = Debug|Any CPU
		{E5FBC4C1-44D2-4AA9-8132-173EDBF4F52F}.Debug|x86.Build.0 = Debug|Any CPU
		{E5FBC4C1-44D2-4AA9-8132-173EDBF4F52F}.Release|Any CPU.ActiveCfg = Release|Any CPU
		{E5FBC4C1-44D2-4AA9-8132-173EDBF4F52F}.Release|Any CPU.Build.0 = Release|Any CPU
		{E5FBC4C1-44D2-4AA9-8132-173EDBF4F52F}.Release|x64.ActiveCfg = Release|Any CPU
		{E5FBC4C1-44D2-4AA9-8132-173EDBF4F52F}.Release|x64.Build.0 = Release|Any CPU
		{E5FBC4C1-44D2-4AA9-8132-173EDBF4F52F}.Release|x86.ActiveCfg = Release|Any CPU
		{E5FBC4C1-44D2-4AA9-8132-173EDBF4F52F}.Release|x86.Build.0 = Release|Any CPU
		{837F2B60-37ED-4425-864C-7B94F84A0CF3}.Debug|Any CPU.ActiveCfg = Debug|Any CPU
		{837F2B60-37ED-4425-864C-7B94F84A0CF3}.Debug|Any CPU.Build.0 = Debug|Any CPU
		{837F2B60-37ED-4425-864C-7B94F84A0CF3}.Debug|x64.ActiveCfg = Debug|Any CPU
		{837F2B60-37ED-4425-864C-7B94F84A0CF3}.Debug|x64.Build.0 = Debug|Any CPU
		{837F2B60-37ED-4425-864C-7B94F84A0CF3}.Debug|x86.ActiveCfg = Debug|Any CPU
		{837F2B60-37ED-4425-864C-7B94F84A0CF3}.Debug|x86.Build.0 = Debug|Any CPU
		{837F2B60-37ED-4425-864C-7B94F84A0CF3}.Release|Any CPU.ActiveCfg = Release|Any CPU
		{837F2B60-37ED-4425-864C-7B94F84A0CF3}.Release|Any CPU.Build.0 = Release|Any CPU
		{837F2B60-37ED-4425-864C-7B94F84A0CF3}.Release|x64.ActiveCfg = Release|Any CPU
		{837F2B60-37ED-4425-864C-7B94F84A0CF3}.Release|x64.Build.0 = Release|Any CPU
		{837F2B60-37ED-4425-864C-7B94F84A0CF3}.Release|x86.ActiveCfg = Release|Any CPU
		{837F2B60-37ED-4425-864C-7B94F84A0CF3}.Release|x86.Build.0 = Release|Any CPU
		{D493F2D8-5D81-49B3-9932-D4CC59D3C0C5}.Debug|Any CPU.ActiveCfg = Debug|Any CPU
		{D493F2D8-5D81-49B3-9932-D4CC59D3C0C5}.Debug|Any CPU.Build.0 = Debug|Any CPU
		{D493F2D8-5D81-49B3-9932-D4CC59D3C0C5}.Debug|x64.ActiveCfg = Debug|Any CPU
		{D493F2D8-5D81-49B3-9932-D4CC59D3C0C5}.Debug|x64.Build.0 = Debug|Any CPU
		{D493F2D8-5D81-49B3-9932-D4CC59D3C0C5}.Debug|x86.ActiveCfg = Debug|Any CPU
		{D493F2D8-5D81-49B3-9932-D4CC59D3C0C5}.Debug|x86.Build.0 = Debug|Any CPU
		{D493F2D8-5D81-49B3-9932-D4CC59D3C0C5}.Release|Any CPU.ActiveCfg = Release|Any CPU
		{D493F2D8-5D81-49B3-9932-D4CC59D3C0C5}.Release|Any CPU.Build.0 = Release|Any CPU
		{D493F2D8-5D81-49B3-9932-D4CC59D3C0C5}.Release|x64.ActiveCfg = Release|Any CPU
		{D493F2D8-5D81-49B3-9932-D4CC59D3C0C5}.Release|x64.Build.0 = Release|Any CPU
		{D493F2D8-5D81-49B3-9932-D4CC59D3C0C5}.Release|x86.ActiveCfg = Release|Any CPU
		{D493F2D8-5D81-49B3-9932-D4CC59D3C0C5}.Release|x86.Build.0 = Release|Any CPU
		{0D63AB23-4B7C-4036-83DE-BEBB60AE35B0}.Debug|Any CPU.ActiveCfg = Debug|Any CPU
		{0D63AB23-4B7C-4036-83DE-BEBB60AE35B0}.Debug|Any CPU.Build.0 = Debug|Any CPU
		{0D63AB23-4B7C-4036-83DE-BEBB60AE35B0}.Debug|x64.ActiveCfg = Debug|Any CPU
		{0D63AB23-4B7C-4036-83DE-BEBB60AE35B0}.Debug|x64.Build.0 = Debug|Any CPU
		{0D63AB23-4B7C-4036-83DE-BEBB60AE35B0}.Debug|x86.ActiveCfg = Debug|Any CPU
		{0D63AB23-4B7C-4036-83DE-BEBB60AE35B0}.Debug|x86.Build.0 = Debug|Any CPU
		{0D63AB23-4B7C-4036-83DE-BEBB60AE35B0}.Release|Any CPU.ActiveCfg = Release|Any CPU
		{0D63AB23-4B7C-4036-83DE-BEBB60AE35B0}.Release|Any CPU.Build.0 = Release|Any CPU
		{0D63AB23-4B7C-4036-83DE-BEBB60AE35B0}.Release|x64.ActiveCfg = Release|Any CPU
		{0D63AB23-4B7C-4036-83DE-BEBB60AE35B0}.Release|x64.Build.0 = Release|Any CPU
		{0D63AB23-4B7C-4036-83DE-BEBB60AE35B0}.Release|x86.ActiveCfg = Release|Any CPU
		{0D63AB23-4B7C-4036-83DE-BEBB60AE35B0}.Release|x86.Build.0 = Release|Any CPU
		{AFDA19B1-DD35-482A-B384-70A8629B81F6}.Debug|Any CPU.ActiveCfg = Debug|Any CPU
		{AFDA19B1-DD35-482A-B384-70A8629B81F6}.Debug|Any CPU.Build.0 = Debug|Any CPU
		{AFDA19B1-DD35-482A-B384-70A8629B81F6}.Debug|x64.ActiveCfg = Debug|Any CPU
		{AFDA19B1-DD35-482A-B384-70A8629B81F6}.Debug|x64.Build.0 = Debug|Any CPU
		{AFDA19B1-DD35-482A-B384-70A8629B81F6}.Debug|x86.ActiveCfg = Debug|Any CPU
		{AFDA19B1-DD35-482A-B384-70A8629B81F6}.Debug|x86.Build.0 = Debug|Any CPU
		{AFDA19B1-DD35-482A-B384-70A8629B81F6}.Release|Any CPU.ActiveCfg = Release|Any CPU
		{AFDA19B1-DD35-482A-B384-70A8629B81F6}.Release|Any CPU.Build.0 = Release|Any CPU
		{AFDA19B1-DD35-482A-B384-70A8629B81F6}.Release|x64.ActiveCfg = Release|Any CPU
		{AFDA19B1-DD35-482A-B384-70A8629B81F6}.Release|x64.Build.0 = Release|Any CPU
		{AFDA19B1-DD35-482A-B384-70A8629B81F6}.Release|x86.ActiveCfg = Release|Any CPU
		{AFDA19B1-DD35-482A-B384-70A8629B81F6}.Release|x86.Build.0 = Release|Any CPU
		{C910099F-3CCD-4B04-BEF0-88F17547B39A}.Debug|Any CPU.ActiveCfg = Debug|Any CPU
		{C910099F-3CCD-4B04-BEF0-88F17547B39A}.Debug|Any CPU.Build.0 = Debug|Any CPU
		{C910099F-3CCD-4B04-BEF0-88F17547B39A}.Debug|x64.ActiveCfg = Debug|Any CPU
		{C910099F-3CCD-4B04-BEF0-88F17547B39A}.Debug|x64.Build.0 = Debug|Any CPU
		{C910099F-3CCD-4B04-BEF0-88F17547B39A}.Debug|x86.ActiveCfg = Debug|Any CPU
		{C910099F-3CCD-4B04-BEF0-88F17547B39A}.Debug|x86.Build.0 = Debug|Any CPU
		{C910099F-3CCD-4B04-BEF0-88F17547B39A}.Release|Any CPU.ActiveCfg = Release|Any CPU
		{C910099F-3CCD-4B04-BEF0-88F17547B39A}.Release|Any CPU.Build.0 = Release|Any CPU
		{C910099F-3CCD-4B04-BEF0-88F17547B39A}.Release|x64.ActiveCfg = Release|Any CPU
		{C910099F-3CCD-4B04-BEF0-88F17547B39A}.Release|x64.Build.0 = Release|Any CPU
		{C910099F-3CCD-4B04-BEF0-88F17547B39A}.Release|x86.ActiveCfg = Release|Any CPU
		{C910099F-3CCD-4B04-BEF0-88F17547B39A}.Release|x86.Build.0 = Release|Any CPU
		{F7DF81D9-2813-485E-A23E-03147968822C}.Debug|Any CPU.ActiveCfg = Debug|Any CPU
		{F7DF81D9-2813-485E-A23E-03147968822C}.Debug|Any CPU.Build.0 = Debug|Any CPU
		{F7DF81D9-2813-485E-A23E-03147968822C}.Debug|x64.ActiveCfg = Debug|Any CPU
		{F7DF81D9-2813-485E-A23E-03147968822C}.Debug|x64.Build.0 = Debug|Any CPU
		{F7DF81D9-2813-485E-A23E-03147968822C}.Debug|x86.ActiveCfg = Debug|Any CPU
		{F7DF81D9-2813-485E-A23E-03147968822C}.Debug|x86.Build.0 = Debug|Any CPU
		{F7DF81D9-2813-485E-A23E-03147968822C}.Release|Any CPU.ActiveCfg = Release|Any CPU
		{F7DF81D9-2813-485E-A23E-03147968822C}.Release|Any CPU.Build.0 = Release|Any CPU
		{F7DF81D9-2813-485E-A23E-03147968822C}.Release|x64.ActiveCfg = Release|Any CPU
		{F7DF81D9-2813-485E-A23E-03147968822C}.Release|x64.Build.0 = Release|Any CPU
		{F7DF81D9-2813-485E-A23E-03147968822C}.Release|x86.ActiveCfg = Release|Any CPU
		{F7DF81D9-2813-485E-A23E-03147968822C}.Release|x86.Build.0 = Release|Any CPU
		{A81CB760-57C6-4343-82A3-9A062C9816AD}.Debug|Any CPU.ActiveCfg = Debug|Any CPU
		{A81CB760-57C6-4343-82A3-9A062C9816AD}.Debug|Any CPU.Build.0 = Debug|Any CPU
		{A81CB760-57C6-4343-82A3-9A062C9816AD}.Debug|x64.ActiveCfg = Debug|Any CPU
		{A81CB760-57C6-4343-82A3-9A062C9816AD}.Debug|x64.Build.0 = Debug|Any CPU
		{A81CB760-57C6-4343-82A3-9A062C9816AD}.Debug|x86.ActiveCfg = Debug|Any CPU
		{A81CB760-57C6-4343-82A3-9A062C9816AD}.Debug|x86.Build.0 = Debug|Any CPU
		{A81CB760-57C6-4343-82A3-9A062C9816AD}.Release|Any CPU.ActiveCfg = Release|Any CPU
		{A81CB760-57C6-4343-82A3-9A062C9816AD}.Release|Any CPU.Build.0 = Release|Any CPU
		{A81CB760-57C6-4343-82A3-9A062C9816AD}.Release|x64.ActiveCfg = Release|Any CPU
		{A81CB760-57C6-4343-82A3-9A062C9816AD}.Release|x64.Build.0 = Release|Any CPU
		{A81CB760-57C6-4343-82A3-9A062C9816AD}.Release|x86.ActiveCfg = Release|Any CPU
		{A81CB760-57C6-4343-82A3-9A062C9816AD}.Release|x86.Build.0 = Release|Any CPU
		{B4026FAD-9306-47F0-87EE-367EFAB34E11}.Debug|Any CPU.ActiveCfg = Debug|Any CPU
		{B4026FAD-9306-47F0-87EE-367EFAB34E11}.Debug|Any CPU.Build.0 = Debug|Any CPU
		{B4026FAD-9306-47F0-87EE-367EFAB34E11}.Debug|x64.ActiveCfg = Debug|Any CPU
		{B4026FAD-9306-47F0-87EE-367EFAB34E11}.Debug|x64.Build.0 = Debug|Any CPU
		{B4026FAD-9306-47F0-87EE-367EFAB34E11}.Debug|x86.ActiveCfg = Debug|Any CPU
		{B4026FAD-9306-47F0-87EE-367EFAB34E11}.Debug|x86.Build.0 = Debug|Any CPU
		{B4026FAD-9306-47F0-87EE-367EFAB34E11}.Release|Any CPU.ActiveCfg = Release|Any CPU
		{B4026FAD-9306-47F0-87EE-367EFAB34E11}.Release|Any CPU.Build.0 = Release|Any CPU
		{B4026FAD-9306-47F0-87EE-367EFAB34E11}.Release|x64.ActiveCfg = Release|Any CPU
		{B4026FAD-9306-47F0-87EE-367EFAB34E11}.Release|x64.Build.0 = Release|Any CPU
		{B4026FAD-9306-47F0-87EE-367EFAB34E11}.Release|x86.ActiveCfg = Release|Any CPU
		{B4026FAD-9306-47F0-87EE-367EFAB34E11}.Release|x86.Build.0 = Release|Any CPU
		{DE64C2F1-7594-455B-BACF-18A06201F571}.Debug|Any CPU.ActiveCfg = Debug|Any CPU
		{DE64C2F1-7594-455B-BACF-18A06201F571}.Debug|Any CPU.Build.0 = Debug|Any CPU
		{DE64C2F1-7594-455B-BACF-18A06201F571}.Debug|x64.ActiveCfg = Debug|Any CPU
		{DE64C2F1-7594-455B-BACF-18A06201F571}.Debug|x64.Build.0 = Debug|Any CPU
		{DE64C2F1-7594-455B-BACF-18A06201F571}.Debug|x86.ActiveCfg = Debug|Any CPU
		{DE64C2F1-7594-455B-BACF-18A06201F571}.Debug|x86.Build.0 = Debug|Any CPU
		{DE64C2F1-7594-455B-BACF-18A06201F571}.Release|Any CPU.ActiveCfg = Release|Any CPU
		{DE64C2F1-7594-455B-BACF-18A06201F571}.Release|Any CPU.Build.0 = Release|Any CPU
		{DE64C2F1-7594-455B-BACF-18A06201F571}.Release|x64.ActiveCfg = Release|Any CPU
		{DE64C2F1-7594-455B-BACF-18A06201F571}.Release|x64.Build.0 = Release|Any CPU
		{DE64C2F1-7594-455B-BACF-18A06201F571}.Release|x86.ActiveCfg = Release|Any CPU
		{DE64C2F1-7594-455B-BACF-18A06201F571}.Release|x86.Build.0 = Release|Any CPU
		{7138C705-B951-4516-95A8-9E0DF35BD6AC}.Debug|Any CPU.ActiveCfg = Debug|Any CPU
		{7138C705-B951-4516-95A8-9E0DF35BD6AC}.Debug|Any CPU.Build.0 = Debug|Any CPU
		{7138C705-B951-4516-95A8-9E0DF35BD6AC}.Debug|x64.ActiveCfg = Debug|Any CPU
		{7138C705-B951-4516-95A8-9E0DF35BD6AC}.Debug|x64.Build.0 = Debug|Any CPU
		{7138C705-B951-4516-95A8-9E0DF35BD6AC}.Debug|x86.ActiveCfg = Debug|Any CPU
		{7138C705-B951-4516-95A8-9E0DF35BD6AC}.Debug|x86.Build.0 = Debug|Any CPU
		{7138C705-B951-4516-95A8-9E0DF35BD6AC}.Release|Any CPU.ActiveCfg = Release|Any CPU
		{7138C705-B951-4516-95A8-9E0DF35BD6AC}.Release|Any CPU.Build.0 = Release|Any CPU
		{7138C705-B951-4516-95A8-9E0DF35BD6AC}.Release|x64.ActiveCfg = Release|Any CPU
		{7138C705-B951-4516-95A8-9E0DF35BD6AC}.Release|x64.Build.0 = Release|Any CPU
		{7138C705-B951-4516-95A8-9E0DF35BD6AC}.Release|x86.ActiveCfg = Release|Any CPU
		{7138C705-B951-4516-95A8-9E0DF35BD6AC}.Release|x86.Build.0 = Release|Any CPU
		{C9353F43-DD39-4B75-AA72-AE5FB3CC8747}.Debug|Any CPU.ActiveCfg = Debug|Any CPU
		{C9353F43-DD39-4B75-AA72-AE5FB3CC8747}.Debug|Any CPU.Build.0 = Debug|Any CPU
		{C9353F43-DD39-4B75-AA72-AE5FB3CC8747}.Debug|x64.ActiveCfg = Debug|Any CPU
		{C9353F43-DD39-4B75-AA72-AE5FB3CC8747}.Debug|x64.Build.0 = Debug|Any CPU
		{C9353F43-DD39-4B75-AA72-AE5FB3CC8747}.Debug|x86.ActiveCfg = Debug|Any CPU
		{C9353F43-DD39-4B75-AA72-AE5FB3CC8747}.Debug|x86.Build.0 = Debug|Any CPU
		{C9353F43-DD39-4B75-AA72-AE5FB3CC8747}.Release|Any CPU.ActiveCfg = Release|Any CPU
		{C9353F43-DD39-4B75-AA72-AE5FB3CC8747}.Release|Any CPU.Build.0 = Release|Any CPU
		{C9353F43-DD39-4B75-AA72-AE5FB3CC8747}.Release|x64.ActiveCfg = Release|Any CPU
		{C9353F43-DD39-4B75-AA72-AE5FB3CC8747}.Release|x64.Build.0 = Release|Any CPU
		{C9353F43-DD39-4B75-AA72-AE5FB3CC8747}.Release|x86.ActiveCfg = Release|Any CPU
		{C9353F43-DD39-4B75-AA72-AE5FB3CC8747}.Release|x86.Build.0 = Release|Any CPU
		{30595C42-FDFF-4FCB-BF96-684C6F8EE820}.Debug|Any CPU.ActiveCfg = Debug|Any CPU
		{30595C42-FDFF-4FCB-BF96-684C6F8EE820}.Debug|Any CPU.Build.0 = Debug|Any CPU
		{30595C42-FDFF-4FCB-BF96-684C6F8EE820}.Debug|x64.ActiveCfg = Debug|Any CPU
		{30595C42-FDFF-4FCB-BF96-684C6F8EE820}.Debug|x64.Build.0 = Debug|Any CPU
		{30595C42-FDFF-4FCB-BF96-684C6F8EE820}.Debug|x86.ActiveCfg = Debug|Any CPU
		{30595C42-FDFF-4FCB-BF96-684C6F8EE820}.Debug|x86.Build.0 = Debug|Any CPU
		{30595C42-FDFF-4FCB-BF96-684C6F8EE820}.Release|Any CPU.ActiveCfg = Release|Any CPU
		{30595C42-FDFF-4FCB-BF96-684C6F8EE820}.Release|Any CPU.Build.0 = Release|Any CPU
		{30595C42-FDFF-4FCB-BF96-684C6F8EE820}.Release|x64.ActiveCfg = Release|Any CPU
		{30595C42-FDFF-4FCB-BF96-684C6F8EE820}.Release|x64.Build.0 = Release|Any CPU
		{30595C42-FDFF-4FCB-BF96-684C6F8EE820}.Release|x86.ActiveCfg = Release|Any CPU
		{30595C42-FDFF-4FCB-BF96-684C6F8EE820}.Release|x86.Build.0 = Release|Any CPU
		{D477633C-442B-4483-A4A9-811BB4DF04F7}.Debug|Any CPU.ActiveCfg = Debug|Any CPU
		{D477633C-442B-4483-A4A9-811BB4DF04F7}.Debug|Any CPU.Build.0 = Debug|Any CPU
		{D477633C-442B-4483-A4A9-811BB4DF04F7}.Debug|x64.ActiveCfg = Debug|Any CPU
		{D477633C-442B-4483-A4A9-811BB4DF04F7}.Debug|x64.Build.0 = Debug|Any CPU
		{D477633C-442B-4483-A4A9-811BB4DF04F7}.Debug|x86.ActiveCfg = Debug|Any CPU
		{D477633C-442B-4483-A4A9-811BB4DF04F7}.Debug|x86.Build.0 = Debug|Any CPU
		{D477633C-442B-4483-A4A9-811BB4DF04F7}.Release|Any CPU.ActiveCfg = Release|Any CPU
		{D477633C-442B-4483-A4A9-811BB4DF04F7}.Release|Any CPU.Build.0 = Release|Any CPU
		{D477633C-442B-4483-A4A9-811BB4DF04F7}.Release|x64.ActiveCfg = Release|Any CPU
		{D477633C-442B-4483-A4A9-811BB4DF04F7}.Release|x64.Build.0 = Release|Any CPU
		{D477633C-442B-4483-A4A9-811BB4DF04F7}.Release|x86.ActiveCfg = Release|Any CPU
		{D477633C-442B-4483-A4A9-811BB4DF04F7}.Release|x86.Build.0 = Release|Any CPU
		{1F951523-8FD6-4A0D-94D9-50933AEAD559}.Debug|Any CPU.ActiveCfg = Debug|Any CPU
		{1F951523-8FD6-4A0D-94D9-50933AEAD559}.Debug|Any CPU.Build.0 = Debug|Any CPU
		{1F951523-8FD6-4A0D-94D9-50933AEAD559}.Debug|x64.ActiveCfg = Debug|Any CPU
		{1F951523-8FD6-4A0D-94D9-50933AEAD559}.Debug|x64.Build.0 = Debug|Any CPU
		{1F951523-8FD6-4A0D-94D9-50933AEAD559}.Debug|x86.ActiveCfg = Debug|Any CPU
		{1F951523-8FD6-4A0D-94D9-50933AEAD559}.Debug|x86.Build.0 = Debug|Any CPU
		{1F951523-8FD6-4A0D-94D9-50933AEAD559}.Release|Any CPU.ActiveCfg = Release|Any CPU
		{1F951523-8FD6-4A0D-94D9-50933AEAD559}.Release|Any CPU.Build.0 = Release|Any CPU
		{1F951523-8FD6-4A0D-94D9-50933AEAD559}.Release|x64.ActiveCfg = Release|Any CPU
		{1F951523-8FD6-4A0D-94D9-50933AEAD559}.Release|x64.Build.0 = Release|Any CPU
		{1F951523-8FD6-4A0D-94D9-50933AEAD559}.Release|x86.ActiveCfg = Release|Any CPU
		{1F951523-8FD6-4A0D-94D9-50933AEAD559}.Release|x86.Build.0 = Release|Any CPU
		{11FF48F0-9F52-4B5D-839A-58F746D289F3}.Debug|Any CPU.ActiveCfg = Debug|Any CPU
		{11FF48F0-9F52-4B5D-839A-58F746D289F3}.Debug|Any CPU.Build.0 = Debug|Any CPU
		{11FF48F0-9F52-4B5D-839A-58F746D289F3}.Debug|x64.ActiveCfg = Debug|Any CPU
		{11FF48F0-9F52-4B5D-839A-58F746D289F3}.Debug|x64.Build.0 = Debug|Any CPU
		{11FF48F0-9F52-4B5D-839A-58F746D289F3}.Debug|x86.ActiveCfg = Debug|Any CPU
		{11FF48F0-9F52-4B5D-839A-58F746D289F3}.Debug|x86.Build.0 = Debug|Any CPU
		{11FF48F0-9F52-4B5D-839A-58F746D289F3}.Release|Any CPU.ActiveCfg = Release|Any CPU
		{11FF48F0-9F52-4B5D-839A-58F746D289F3}.Release|Any CPU.Build.0 = Release|Any CPU
		{11FF48F0-9F52-4B5D-839A-58F746D289F3}.Release|x64.ActiveCfg = Release|Any CPU
		{11FF48F0-9F52-4B5D-839A-58F746D289F3}.Release|x64.Build.0 = Release|Any CPU
		{11FF48F0-9F52-4B5D-839A-58F746D289F3}.Release|x86.ActiveCfg = Release|Any CPU
		{11FF48F0-9F52-4B5D-839A-58F746D289F3}.Release|x86.Build.0 = Release|Any CPU
		{74000BB0-1327-4AA6-A35F-5F505C9E58F6}.Debug|Any CPU.ActiveCfg = Debug|Any CPU
		{74000BB0-1327-4AA6-A35F-5F505C9E58F6}.Debug|Any CPU.Build.0 = Debug|Any CPU
		{74000BB0-1327-4AA6-A35F-5F505C9E58F6}.Debug|x64.ActiveCfg = Debug|Any CPU
		{74000BB0-1327-4AA6-A35F-5F505C9E58F6}.Debug|x64.Build.0 = Debug|Any CPU
		{74000BB0-1327-4AA6-A35F-5F505C9E58F6}.Debug|x86.ActiveCfg = Debug|Any CPU
		{74000BB0-1327-4AA6-A35F-5F505C9E58F6}.Debug|x86.Build.0 = Debug|Any CPU
		{74000BB0-1327-4AA6-A35F-5F505C9E58F6}.Release|Any CPU.ActiveCfg = Release|Any CPU
		{74000BB0-1327-4AA6-A35F-5F505C9E58F6}.Release|Any CPU.Build.0 = Release|Any CPU
		{74000BB0-1327-4AA6-A35F-5F505C9E58F6}.Release|x64.ActiveCfg = Release|Any CPU
		{74000BB0-1327-4AA6-A35F-5F505C9E58F6}.Release|x64.Build.0 = Release|Any CPU
		{74000BB0-1327-4AA6-A35F-5F505C9E58F6}.Release|x86.ActiveCfg = Release|Any CPU
		{74000BB0-1327-4AA6-A35F-5F505C9E58F6}.Release|x86.Build.0 = Release|Any CPU
		{3F68FE37-463F-4EA4-997B-A4DD150AEE18}.Debug|Any CPU.ActiveCfg = Debug|Any CPU
		{3F68FE37-463F-4EA4-997B-A4DD150AEE18}.Debug|Any CPU.Build.0 = Debug|Any CPU
		{3F68FE37-463F-4EA4-997B-A4DD150AEE18}.Debug|x64.ActiveCfg = Debug|Any CPU
		{3F68FE37-463F-4EA4-997B-A4DD150AEE18}.Debug|x64.Build.0 = Debug|Any CPU
		{3F68FE37-463F-4EA4-997B-A4DD150AEE18}.Debug|x86.ActiveCfg = Debug|Any CPU
		{3F68FE37-463F-4EA4-997B-A4DD150AEE18}.Debug|x86.Build.0 = Debug|Any CPU
		{3F68FE37-463F-4EA4-997B-A4DD150AEE18}.Release|Any CPU.ActiveCfg = Release|Any CPU
		{3F68FE37-463F-4EA4-997B-A4DD150AEE18}.Release|Any CPU.Build.0 = Release|Any CPU
		{3F68FE37-463F-4EA4-997B-A4DD150AEE18}.Release|x64.ActiveCfg = Release|Any CPU
		{3F68FE37-463F-4EA4-997B-A4DD150AEE18}.Release|x64.Build.0 = Release|Any CPU
		{3F68FE37-463F-4EA4-997B-A4DD150AEE18}.Release|x86.ActiveCfg = Release|Any CPU
		{3F68FE37-463F-4EA4-997B-A4DD150AEE18}.Release|x86.Build.0 = Release|Any CPU
	EndGlobalSection
EndGlobal
